lockfile_version = 3

[[realization]]
realization_hash = "b3:9d00185b40021ec3ff5b46a9cf7c3b7b918f3b83ed4aa1d52f1d056088c0a9c6"
name = "moonstone/lua"
version = "5.4.9"
kind = "runtime"
recipe_hash = "b3:9ddef3514e834e33889eccd8b8526e6aa458749bdf5cd7a9b5063276257c50e4"
artifact_hash = "b3:39bfa29bd95756b038e2f42deb93e325b9f7f2b80951a5a66a0f1b5639ee50c7"
replay_mode = "artifact_only"
runtime = "moonstone/lua"
lua_abi = "5.4"
target = "aarch64-macos"
constellation = "default"
source_kind = "runtime"
resolver = "moonstone"

[[realization]]
realization_hash = "b3:af7ab3060d0499292051bb910de08db3cfab3b1d091e027808029d3b74e98cdd"
name = "moonstone/valua"
version = "0.2.6"
kind = "lib"
source_hash = "b3:016af550e6c9b2d1282ced2a6070feb36e751b88d8f374bd5a89ff02ce4b871b"
recipe_hash = "b3:87899bb6245bdf3a5377c6ed150ed74f5ca885db9b328e632b95187c2305a388"
artifact_hash = "b3:016af550e6c9b2d1282ced2a6070feb36e751b88d8f374bd5a89ff02ce4b871b"
replay_mode = "artifact_only"
runtime = "5.4"
lua_abi = "5.4"
target = "aarch64-macos"
constellation = "default"
source = "https://github.com/moonstone-sh/valua/releases/download/v0.2.6/valua-0.2.6-any.tar.gz"
source_kind = "bin"
source_payload = "sources/blob.tar.gz"
resolver = "moonstone"
registry = "moonstone"
roles = ["runtime"]

[[realization]]
realization_hash = "b3:f254321b83e26c99f1f9ef43885f6360795fe7c6e7c6d98b0599cc1a34611d7f"
name = "moonstone/alter-jsonc"
version = "0.1.1"
kind = "lib"
source_hash = "b3:f257bec3b1952c4dd65da2bde226d77522a0a652fb8fec93b9b319d0736ee55c"
recipe_hash = "b3:0d19f8fa17fd70f1397060faa959204190846418630d36fa52038f35ff13303c"
artifact_hash = "b3:f257bec3b1952c4dd65da2bde226d77522a0a652fb8fec93b9b319d0736ee55c"
replay_mode = "portable_source"
runtime = "5.4"
lua_abi = "5.4"
target = "aarch64-macos"
constellation = "default"
source = "blobs/b3/f2/57/f257bec3b1952c4dd65da2bde226d77522a0a652fb8fec93b9b319d0736ee55c.tar.gz"
source_kind = "lib"
source_payload = "sources/blob.tar.gz"
resolver = "moonstone"
registry = "moonstone"
roles = ["runtime"]

[[realization]]
realization_hash = "b3:71740001cd4d2a6edfcb459f89af592047b86e76528cd78d4d3c9ea0253f17d3"
name = "moonstone/alter-json"
version = "0.1.1"
kind = "lib"
source_hash = "b3:f0a9e212d53c80a956daac20fe2d03b947f8dc89d59fb086658682f029de8f93"
recipe_hash = "b3:38673fa81ae0c9d607ce344fa0eb66bfee3e88c03d49c9fdffb834c7d3bb7299"
artifact_hash = "b3:f0a9e212d53c80a956daac20fe2d03b947f8dc89d59fb086658682f029de8f93"
replay_mode = "portable_source"
runtime = "5.4"
lua_abi = "5.4"
target = "aarch64-macos"
constellation = "default"
source = "blobs/b3/f0/a9/f0a9e212d53c80a956daac20fe2d03b947f8dc89d59fb086658682f029de8f93.tar.gz"
source_kind = "lib"
source_payload = "sources/blob.tar.gz"
resolver = "moonstone"
registry = "moonstone"
roles = ["runtime"]

[[realization]]
realization_hash = "b3:d09154423222db5dbf883f1d3f0f714b90a8946b605da038b4e1c571e4be8e52"
name = "moonstone/alter"
version = "0.1.1"
kind = "lib"
source_hash = "b3:26d86055abf0730b3a5bcaa342556c6fceb64713fdcc248ee9462b2c7781fe4a"
recipe_hash = "b3:ec8fc174d419b620059534178037b9342700447e82d19c0a48d795e32153ccc0"
artifact_hash = "b3:26d86055abf0730b3a5bcaa342556c6fceb64713fdcc248ee9462b2c7781fe4a"
replay_mode = "portable_source"
runtime = "5.4"
lua_abi = "5.4"
target = "aarch64-macos"
constellation = "default"
source = "blobs/b3/26/d8/26d86055abf0730b3a5bcaa342556c6fceb64713fdcc248ee9462b2c7781fe4a.tar.gz"
source_kind = "lib"
source_payload = "sources/blob.tar.gz"
resolver = "moonstone"
registry = "moonstone"
roles = ["runtime"]

[[realization]]
realization_hash = "b3:48d2a97dc15ec429ce27b2a3fef8dca6ac1165992d59dc92f4e7fe92602e8808"
name = "moonstone/ballad"
version = "0.3.7"
kind = "bin"
source_hash = "b3:ff606883f3629edd39664ab299a91fe34136eb72ea72ac0ea78208d0dfd3ef42"
recipe_hash = "b3:c1a79b1734e439e17445a131b73cc8a0bcafcb3ab81679f1297219e94b90387a"
artifact_hash = "b3:ff606883f3629edd39664ab299a91fe34136eb72ea72ac0ea78208d0dfd3ef42"
replay_mode = "artifact_only"
runtime = "5.4"
lua_abi = "5.1"
target = "aarch64-macos"
constellation = "default"
source = "https://github.com/moonstone-sh/ballad/releases/download/v0.3.7/ballad-0.3.7-any.tar.gz"
source_kind = "bin"
source_payload = "sources/blob.tar.gz"
resolver = "moonstone"
registry = "moonstone"
roles = ["tool"]

[[realization]]
realization_hash = "b3:b20716a4f44fb71859e329978d3012b62dfbc1a0a2d93441636a4d2a33c61be5"
name = "moonstone/luajit"
version = "2.1.0"
kind = "runtime"
source_hash = "b3:eb0e3baf280c1ae61596f94c85159d83b2ff99d0a2b8573a2605687ac1156b40"
recipe_hash = "b3:f0d64b5107def3bee5a8cb5c28578995ee6516bd4d1485fb979c4261ba81e7c1"
artifact_hash = "b3:f4d32a967447c8d87a709c01fa5229748de4054e51dfa073e0ad1e61c2683bbf"
replay_mode = "artifact_only"
runtime = "5.4"
lua_abi = "lua51"
target = "aarch64-macos"
constellation = "default"
source = "blobs/b3/f4/d3/f4d32a967447c8d87a709c01fa5229748de4054e51dfa073e0ad1e61c2683bbf.tar.zst"
source_kind = "runtime"
source_payload = "sources/blob.tar.zst"
source_url = "blobs/b3/eb/0e/eb0e3baf280c1ae61596f94c85159d83b2ff99d0a2b8573a2605687ac1156b40.tar.gz"
resolver = "moonstone"
registry = "moonstone"

[[realization]]
realization_hash = "b3:83f357e822d13e04690ed9b8cf7a6774e1443b6b6a8499c8ed3994c406735b35"
name = "dkjson"
version = "2.11-1"
kind = "lib"
source_hash = "b3:736026c095d0d92f41d668c8bab1c02f58902d677326cbeca0fb592092b214a3"
recipe_hash = "b3:d87171c0c184155fce27b80e492477d439774862a26070e2f29a77f033376f86"
artifact_hash = "b3:bd1bdb75d6b3abd7721a3085ec6b11a48d27f0e6d2902866b584f8646eaf0d0a"
replay_mode = "portable_source"
runtime = "5.4"
lua_abi = "5.4"
target = "aarch64-macos"
constellation = "default"
source = "https://luarocks.org/dkjson-2.11-1.src.rock"
source_kind = "luarocks_src_rock"
source_payload = "sources/dkjson-2.11-1.src.rock"
rockspec = "https://luarocks.org/dkjson-2.11-1.rockspec"
rockspec_hash = "b3:f435b6b2f3924979d1a69598935ee7de27f35dbaa5dfa6b36aeda2f5f7356c44"
rockspec_payload = "sources/dkjson-2.11-1.rockspec"
resolver = "rocks"
registry = "rocks"
roles = ["tool"]

[[realization]]
realization_hash = "b3:9083cfa0a74d854f78c93294b9b8a4a03cda8e275328e3482c34c9a608f30342"
name = "moonstone/lua"
version = "5.4.9"
kind = "runtime"
recipe_hash = "b3:0353585d507e63fc77991624d4e2c91a886c01f9db34ed99cdf8d23aa968095c"
artifact_hash = "b3:dde067cacdbcad3264f1e70795c65ebedae993e3ea4248c230f3113b6657ee48"
replay_mode = "artifact_only"
runtime = "moonstone/lua"
lua_abi = "5.4"
target = "x86_64-linux-gnu"
constellation = "default"
source_kind = "runtime"
resolver = "moonstone"

[[realization]]
realization_hash = "b3:eb36a90e016a5c8845f53aad5ea8b17eb6e9057940424ac4802bf41d22d7e329"
name = "moonstone/valua"
version = "0.2.6"
kind = "lib"
source_hash = "b3:016af550e6c9b2d1282ced2a6070feb36e751b88d8f374bd5a89ff02ce4b871b"
recipe_hash = "b3:87899bb6245bdf3a5377c6ed150ed74f5ca885db9b328e632b95187c2305a388"
artifact_hash = "b3:016af550e6c9b2d1282ced2a6070feb36e751b88d8f374bd5a89ff02ce4b871b"
replay_mode = "artifact_only"
runtime = "5.4"
lua_abi = "5.4"
target = "x86_64-linux-gnu"
constellation = "default"
source = "https://github.com/moonstone-sh/valua/releases/download/v0.2.6/valua-0.2.6-any.tar.gz"
source_kind = "bin"
source_payload = "sources/blob.tar.gz"
resolver = "moonstone"
registry = "moonstone"
roles = ["runtime"]

[[realization]]
realization_hash = "b3:323d1f5eaa5d2435ef9c15e870b819890bd73cf63e7957c6efac81bc5b26eb73"
name = "moonstone/alter-jsonc"
version = "0.1.1"
kind = "lib"
source_hash = "b3:f257bec3b1952c4dd65da2bde226d77522a0a652fb8fec93b9b319d0736ee55c"
recipe_hash = "b3:0d19f8fa17fd70f1397060faa959204190846418630d36fa52038f35ff13303c"
artifact_hash = "b3:f257bec3b1952c4dd65da2bde226d77522a0a652fb8fec93b9b319d0736ee55c"
replay_mode = "portable_source"
runtime = "5.4"
lua_abi = "5.4"
target = "x86_64-linux-gnu"
constellation = "default"
source = "blobs/b3/f2/57/f257bec3b1952c4dd65da2bde226d77522a0a652fb8fec93b9b319d0736ee55c.tar.gz"
source_kind = "lib"
source_payload = "sources/blob.tar.gz"
resolver = "moonstone"
registry = "moonstone"
roles = ["runtime"]

[[realization]]
realization_hash = "b3:d40e219d5b567d89e437ba366f2a6871a71c8d3be5c889d6ca2599ec3627ef51"
name = "moonstone/alter-json"
version = "0.1.1"
kind = "lib"
source_hash = "b3:f0a9e212d53c80a956daac20fe2d03b947f8dc89d59fb086658682f029de8f93"
recipe_hash = "b3:38673fa81ae0c9d607ce344fa0eb66bfee3e88c03d49c9fdffb834c7d3bb7299"
artifact_hash = "b3:f0a9e212d53c80a956daac20fe2d03b947f8dc89d59fb086658682f029de8f93"
replay_mode = "portable_source"
runtime = "5.4"
lua_abi = "5.4"
target = "x86_64-linux-gnu"
constellation = "default"
source = "blobs/b3/f0/a9/f0a9e212d53c80a956daac20fe2d03b947f8dc89d59fb086658682f029de8f93.tar.gz"
source_kind = "lib"
source_payload = "sources/blob.tar.gz"
resolver = "moonstone"
registry = "moonstone"
roles = ["runtime"]

[[realization]]
realization_hash = "b3:00cbfd61c4c81806eacac49d995debb1899fa40e170d3252ea58711b23a8cc91"
name = "moonstone/alter"
version = "0.1.1"
kind = "lib"
source_hash = "b3:26d86055abf0730b3a5bcaa342556c6fceb64713fdcc248ee9462b2c7781fe4a"
recipe_hash = "b3:ec8fc174d419b620059534178037b9342700447e82d19c0a48d795e32153ccc0"
artifact_hash = "b3:26d86055abf0730b3a5bcaa342556c6fceb64713fdcc248ee9462b2c7781fe4a"
replay_mode = "portable_source"
runtime = "5.4"
lua_abi = "5.4"
target = "x86_64-linux-gnu"
constellation = "default"
source = "blobs/b3/26/d8/26d86055abf0730b3a5bcaa342556c6fceb64713fdcc248ee9462b2c7781fe4a.tar.gz"
source_kind = "lib"
source_payload = "sources/blob.tar.gz"
resolver = "moonstone"
registry = "moonstone"
roles = ["runtime"]

[[realization]]
realization_hash = "b3:1832cca557a1533ca721b366edfa0120d76f1c54db6d66a99e64f678c62ef1e4"
name = "moonstone/ballad"
version = "0.3.7"
kind = "bin"
source_hash = "b3:ff606883f3629edd39664ab299a91fe34136eb72ea72ac0ea78208d0dfd3ef42"
recipe_hash = "b3:c1a79b1734e439e17445a131b73cc8a0bcafcb3ab81679f1297219e94b90387a"
artifact_hash = "b3:ff606883f3629edd39664ab299a91fe34136eb72ea72ac0ea78208d0dfd3ef42"
replay_mode = "artifact_only"
runtime = "5.4"
lua_abi = "5.1"
target = "x86_64-linux-gnu"
constellation = "default"
source = "https://github.com/moonstone-sh/ballad/releases/download/v0.3.7/ballad-0.3.7-any.tar.gz"
source_kind = "bin"
source_payload = "sources/blob.tar.gz"
resolver = "moonstone"
registry = "moonstone"
roles = ["tool"]

[[realization]]
realization_hash = "b3:148d9d346bade8ed66e4fb999acead0d5a847dd09bf6f4e0a7fbfbfeff035af5"
name = "moonstone/luajit"
version = "2.1.0"
kind = "runtime"
source_hash = "b3:eb0e3baf280c1ae61596f94c85159d83b2ff99d0a2b8573a2605687ac1156b40"
recipe_hash = "b3:19bc15939f857b7dca6cc53942b049958b2cd82c0c10015a4d4d85f8e3ae9478"
artifact_hash = "b3:944315c9c5dae5dbefa301abac275b0d39fd2c11eaa286eba2c7f014df7628cb"
replay_mode = "artifact_only"
runtime = "5.4"
lua_abi = "lua51"
target = "x86_64-linux-gnu"
constellation = "default"
source = "blobs/b3/94/43/944315c9c5dae5dbefa301abac275b0d39fd2c11eaa286eba2c7f014df7628cb.tar.zst"
source_kind = "runtime"
source_payload = "sources/blob.tar.zst"
source_url = "blobs/b3/eb/0e/eb0e3baf280c1ae61596f94c85159d83b2ff99d0a2b8573a2605687ac1156b40.tar.gz"
resolver = "moonstone"
registry = "moonstone"

[[realization]]
realization_hash = "b3:b65f09e5852dbb322b9e7869bc7a8c9748a70e377e50b0c8d901769074a62e11"
name = "dkjson"
version = "2.11-1"
kind = "lib"
source_hash = "b3:736026c095d0d92f41d668c8bab1c02f58902d677326cbeca0fb592092b214a3"
recipe_hash = "b3:d87171c0c184155fce27b80e492477d439774862a26070e2f29a77f033376f86"
artifact_hash = "b3:bd1bdb75d6b3abd7721a3085ec6b11a48d27f0e6d2902866b584f8646eaf0d0a"
replay_mode = "portable_source"
runtime = "5.4"
lua_abi = "5.4"
target = "x86_64-linux-gnu"
constellation = "default"
source = "https://luarocks.org/dkjson-2.11-1.src.rock"
source_kind = "luarocks_src_rock"
source_payload = "sources/dkjson-2.11-1.src.rock"
rockspec = "https://luarocks.org/dkjson-2.11-1.rockspec"
rockspec_hash = "b3:f435b6b2f3924979d1a69598935ee7de27f35dbaa5dfa6b36aeda2f5f7356c44"
rockspec_payload = "sources/dkjson-2.11-1.rockspec"
resolver = "rocks"
registry = "rocks"
roles = ["tool"]

[[realization]]
realization_hash = "b3:9d00185b40021ec3ff5b46a9cf7c3b7b918f3b83ed4aa1d52f1d056088c0a9c6"
name = "moonstone/lua"
version = "5.4.9"
kind = "runtime"
recipe_hash = "b3:9ddef3514e834e33889eccd8b8526e6aa458749bdf5cd7a9b5063276257c50e4"
artifact_hash = "b3:39bfa29bd95756b038e2f42deb93e325b9f7f2b80951a5a66a0f1b5639ee50c7"
replay_mode = "artifact_only"
runtime = "moonstone/lua"
lua_abi = "5.4"
target = "aarch64-macos"
constellation = "default"
source_kind = "runtime"
resolver = "moonstone"

[[realization]]
realization_hash = "b3:c151dd46ab8e36a17574db446b0e48408515f3a937f770c4f32fcd4eb528853f"
name = "moonstone/luals-composer"
version = "0.1.0"
kind = "lib"
source_hash = "b3:e4632615c6e230486024a1bfa59efcced28e36770ae74c7ad84945f1a0b3f2f4"
recipe_hash = "b3:d5196ea11fccd560522f3226f5ae2ea683f57ed5d7a3b8e795b9b11952d0459a"
artifact_hash = "b3:71e89782ebae39ca2eef1bc35ef729a19f662efbc1ba66f79cadd8d0a7e1cfe0"
replay_mode = "artifact_only"
runtime = "5.4"
lua_abi = ""
target = "aarch64-macos"
constellation = "default"
source = "blobs/b3/e4/63/e4632615c6e230486024a1bfa59efcced28e36770ae74c7ad84945f1a0b3f2f4.tar.gz"
source_kind = "source"
source_payload = "sources/blob.tar.gz"
resolver = "moonstone"
registry = "moonstone"
roles = ["runtime"]

[[realization]]
realization_hash = "b3:665bb68347081cf32baff6569b448e16b7ba77d6d53ca06f7bcc2160998f58e7"
name = "moonstone/valua"
version = "0.2.7"
kind = "bin"
source_hash = "b3:1f69bfd19aa11075c6718c45e6e89c6355b24e21929d907100d6c2c95e4d3e2e"
recipe_hash = "b3:1dd7f3b7ecb05849072dae64094828f804f659cad8895c195cc01ce0c1048cee"
artifact_hash = "b3:1f69bfd19aa11075c6718c45e6e89c6355b24e21929d907100d6c2c95e4d3e2e"
replay_mode = "artifact_only"
runtime = "5.4"
lua_abi = "5.4"
target = "aarch64-macos"
constellation = "default"
source = "https://github.com/moonstone-sh/valua/releases/download/v0.2.7/valua-0.2.7-any.tar.gz"
source_kind = "archive"
source_payload = "sources/blob.tar.gz"
resolver = "moonstone"
registry = "moonstone"
roles = ["runtime"]

[[realization]]
realization_hash = "b3:d705741fcd32a5652342f5e995d21d58011bd5545719b72a1d0c4dd903ce1687"
name = "moonstone/clingy"
version = "0.6.0"
kind = "bin"
source_hash = "b3:8f1b80423145ef1d5e9f85459e5ff806a0055654a1dc498944b48523d23a8359"
recipe_hash = "b3:8ee8a932eca332115e2e2833faa66449dadc1c83b7c74ae1823a995e1550e5f2"
artifact_hash = "b3:8f1b80423145ef1d5e9f85459e5ff806a0055654a1dc498944b48523d23a8359"
replay_mode = "artifact_only"
runtime = "5.4"
lua_abi = "5.4"
target = "aarch64-macos"
constellation = "default"
source = "https://github.com/moonstone-sh/clingy/releases/download/v0.6.0/clingy-0.6.0-any.tar.gz"
source_kind = "bin"
source_payload = "sources/blob.tar.gz"
resolver = "store"
roles = ["runtime"]

[[realization]]
realization_hash = "b3:51addca6b091ea16018fe5698429472e1d4e131a3eb53851352f245d1b622116"
name = "moonstone/alter-jsonc"
version = "0.1.1"
kind = "lib"
source_hash = "b3:f257bec3b1952c4dd65da2bde226d77522a0a652fb8fec93b9b319d0736ee55c"
recipe_hash = "b3:0d19f8fa17fd70f1397060faa959204190846418630d36fa52038f35ff13303c"
artifact_hash = "b3:f257bec3b1952c4dd65da2bde226d77522a0a652fb8fec93b9b319d0736ee55c"
replay_mode = "artifact_only"
runtime = "5.4"
lua_abi = "5.4"
target = "aarch64-macos"
constellation = "default"
source = "blobs/b3/f2/57/f257bec3b1952c4dd65da2bde226d77522a0a652fb8fec93b9b319d0736ee55c.tar.gz"
source_kind = "archive"
source_payload = "sources/blob.tar.gz"
resolver = "moonstone"
registry = "moonstone"
roles = ["runtime"]

[[realization]]
realization_hash = "b3:00883fd3c320bca37ad6b870c12baaa25f649b92a17d44b338e22441244dc22c"
name = "moonstone/alter-json"
version = "0.1.1"
kind = "lib"
source_hash = "b3:f0a9e212d53c80a956daac20fe2d03b947f8dc89d59fb086658682f029de8f93"
recipe_hash = "b3:38673fa81ae0c9d607ce344fa0eb66bfee3e88c03d49c9fdffb834c7d3bb7299"
artifact_hash = "b3:f0a9e212d53c80a956daac20fe2d03b947f8dc89d59fb086658682f029de8f93"
replay_mode = "artifact_only"
runtime = "5.4"
lua_abi = "5.4"
target = "aarch64-macos"
constellation = "default"
source = "blobs/b3/f0/a9/f0a9e212d53c80a956daac20fe2d03b947f8dc89d59fb086658682f029de8f93.tar.gz"
source_kind = "archive"
source_payload = "sources/blob.tar.gz"
resolver = "moonstone"
registry = "moonstone"
roles = ["runtime"]

[[realization]]
realization_hash = "b3:d63b815e55f83f489349005dfdaeb93861c36cbee239060d06c41344c5d67cb9"
name = "moonstone/alter"
version = "0.1.1"
kind = "lib"
source_hash = "b3:26d86055abf0730b3a5bcaa342556c6fceb64713fdcc248ee9462b2c7781fe4a"
recipe_hash = "b3:ec8fc174d419b620059534178037b9342700447e82d19c0a48d795e32153ccc0"
artifact_hash = "b3:26d86055abf0730b3a5bcaa342556c6fceb64713fdcc248ee9462b2c7781fe4a"
replay_mode = "artifact_only"
runtime = "5.4"
lua_abi = "5.4"
target = "aarch64-macos"
constellation = "default"
source = "blobs/b3/26/d8/26d86055abf0730b3a5bcaa342556c6fceb64713fdcc248ee9462b2c7781fe4a.tar.gz"
source_kind = "archive"
source_payload = "sources/blob.tar.gz"
resolver = "moonstone"
registry = "moonstone"
roles = ["runtime"]

[[realization]]
realization_hash = "b3:48d2a97dc15ec429ce27b2a3fef8dca6ac1165992d59dc92f4e7fe92602e8808"
name = "moonstone/ballad"
version = "0.3.7"
kind = "bin"
source_hash = "b3:ff606883f3629edd39664ab299a91fe34136eb72ea72ac0ea78208d0dfd3ef42"
recipe_hash = "b3:c1a79b1734e439e17445a131b73cc8a0bcafcb3ab81679f1297219e94b90387a"
artifact_hash = "b3:ff606883f3629edd39664ab299a91fe34136eb72ea72ac0ea78208d0dfd3ef42"
replay_mode = "artifact_only"
runtime = "5.4"
lua_abi = "5.1"
target = "aarch64-macos"
constellation = "default"
source = "https://github.com/moonstone-sh/ballad/releases/download/v0.3.7/ballad-0.3.7-any.tar.gz"
source_kind = "bin"
source_payload = "sources/blob.tar.gz"
resolver = "moonstone"
registry = "moonstone"
roles = ["tool"]

[[realization]]
realization_hash = "b3:f4fa2d3be673268303d06b676429b16656ae9c1a35be58d15d50e4db8405df2a"
name = "moonstone/luajit"
version = "2.1.0"
kind = "runtime"
source_hash = "b3:eb0e3baf280c1ae61596f94c85159d83b2ff99d0a2b8573a2605687ac1156b40"
recipe_hash = "b3:f0d64b5107def3bee5a8cb5c28578995ee6516bd4d1485fb979c4261ba81e7c1"
artifact_hash = "b3:f4d32a967447c8d87a709c01fa5229748de4054e51dfa073e0ad1e61c2683bbf"
replay_mode = "artifact_only"
runtime = "5.4"
lua_abi = "lua51"
target = "aarch64-macos"
constellation = "default"
source = "blobs/b3/f4/d3/f4d32a967447c8d87a709c01fa5229748de4054e51dfa073e0ad1e61c2683bbf.tar.zst"
source_kind = "archive"
source_payload = "sources/blob.tar.zst"
source_url = "blobs/b3/eb/0e/eb0e3baf280c1ae61596f94c85159d83b2ff99d0a2b8573a2605687ac1156b40.tar.gz"
resolver = "moonstone"
registry = "moonstone"

[[realization]]
realization_hash = "b3:83f357e822d13e04690ed9b8cf7a6774e1443b6b6a8499c8ed3994c406735b35"
name = "dkjson"
version = "2.11-1"
kind = "lib"
source_hash = "b3:736026c095d0d92f41d668c8bab1c02f58902d677326cbeca0fb592092b214a3"
recipe_hash = "b3:d87171c0c184155fce27b80e492477d439774862a26070e2f29a77f033376f86"
artifact_hash = "b3:bd1bdb75d6b3abd7721a3085ec6b11a48d27f0e6d2902866b584f8646eaf0d0a"
replay_mode = "portable_source"
runtime = "5.4"
lua_abi = "5.4"
target = "aarch64-macos"
constellation = "default"
source = "https://luarocks.org/dkjson-2.11-1.src.rock"
source_kind = "luarocks_src_rock"
source_payload = "sources/dkjson-2.11-1.src.rock"
rockspec = "https://luarocks.org/dkjson-2.11-1.rockspec"
rockspec_hash = "b3:f435b6b2f3924979d1a69598935ee7de27f35dbaa5dfa6b36aeda2f5f7356c44"
rockspec_payload = "sources/dkjson-2.11-1.rockspec"
resolver = "rocks"
registry = "rocks"
roles = ["tool"]

[[profile]]
id = "aarch64-macos+moonstone/lua+5.4"
target = "aarch64-macos"
runtime = "moonstone/lua"
lua_abi = "5.4"
packages = [{ name = "moonstone/lua", version = "5.4.9", realization_hash = "b3:9d00185b40021ec3ff5b46a9cf7c3b7b918f3b83ed4aa1d52f1d056088c0a9c6" }, { name = "moonstone/luals-composer", version = "0.1.0", realization_hash = "b3:c151dd46ab8e36a17574db446b0e48408515f3a937f770c4f32fcd4eb528853f" }, { name = "moonstone/valua", version = "0.2.7", realization_hash = "b3:665bb68347081cf32baff6569b448e16b7ba77d6d53ca06f7bcc2160998f58e7" }, { name = "moonstone/clingy", version = "0.6.0", realization_hash = "b3:d705741fcd32a5652342f5e995d21d58011bd5545719b72a1d0c4dd903ce1687" }, { name = "moonstone/alter-jsonc", version = "0.1.1", realization_hash = "b3:51addca6b091ea16018fe5698429472e1d4e131a3eb53851352f245d1b622116" }, { name = "moonstone/alter-json", version = "0.1.1", realization_hash = "b3:00883fd3c320bca37ad6b870c12baaa25f649b92a17d44b338e22441244dc22c" }, { name = "moonstone/alter", version = "0.1.1", realization_hash = "b3:d63b815e55f83f489349005dfdaeb93861c36cbee239060d06c41344c5d67cb9" }, { name = "moonstone/ballad", version = "0.3.7", realization_hash = "b3:48d2a97dc15ec429ce27b2a3fef8dca6ac1165992d59dc92f4e7fe92602e8808" }, { name = "moonstone/luajit", version = "2.1.0", realization_hash = "b3:f4fa2d3be673268303d06b676429b16656ae9c1a35be58d15d50e4db8405df2a" }, { name = "dkjson", version = "2.11-1", realization_hash = "b3:83f357e822d13e04690ed9b8cf7a6774e1443b6b6a8499c8ed3994c406735b35" }]
edges = []

[[profile]]
id = "x86_64-linux-gnu+moonstone/lua+5.4"
target = "x86_64-linux-gnu"
runtime = "moonstone/lua"
lua_abi = "5.4"
packages = [{ name = "moonstone/lua", version = "5.4.9", realization_hash = "b3:9083cfa0a74d854f78c93294b9b8a4a03cda8e275328e3482c34c9a608f30342" }, { name = "moonstone/valua", version = "0.2.6", realization_hash = "b3:eb36a90e016a5c8845f53aad5ea8b17eb6e9057940424ac4802bf41d22d7e329" }, { name = "moonstone/alter-jsonc", version = "0.1.1", realization_hash = "b3:323d1f5eaa5d2435ef9c15e870b819890bd73cf63e7957c6efac81bc5b26eb73" }, { name = "moonstone/alter-json", version = "0.1.1", realization_hash = "b3:d40e219d5b567d89e437ba366f2a6871a71c8d3be5c889d6ca2599ec3627ef51" }, { name = "moonstone/alter", version = "0.1.1", realization_hash = "b3:00cbfd61c4c81806eacac49d995debb1899fa40e170d3252ea58711b23a8cc91" }, { name = "moonstone/ballad", version = "0.3.7", realization_hash = "b3:1832cca557a1533ca721b366edfa0120d76f1c54db6d66a99e64f678c62ef1e4" }, { name = "moonstone/luajit", version = "2.1.0", realization_hash = "b3:148d9d346bade8ed66e4fb999acead0d5a847dd09bf6f4e0a7fbfbfeff035af5" }, { name = "dkjson", version = "2.11-1", realization_hash = "b3:b65f09e5852dbb322b9e7869bc7a8c9748a70e377e50b0c8d901769074a62e11" }]
edges = []
